
Microsoft Visual Studio Solution File, Format Version 12.00
# Visual Studio Version 17
VisualStudioVersion = 17.8.34511.84
MinimumVisualStudioVersion = 10.0.40219.1
Project("{FAE04EC0-301F-11D3-BF4B-00C04F79EFBC}") = "FormulaOne", "FormulaOne.csproj", "{B4930E16-54E4-432E-B8AE-F5850EAB10ED}"
EndProject
Project("{FAE04EC0-301F-11D3-BF4B-00C04F79EFBC}") = "FormulaOne.DataService", "..\FormulaOne.DataService\FormulaOne.DataService.csproj", "{2E0A4F43-822E-4E72-8D96-0B5F483B4A41}"
EndProject
Project("{FAE04EC0-301F-11D3-BF4B-00C04F79EFBC}") = "FormulaOne.Entities", "..\FormulaOne.Entities\FormulaOne.Entities.csproj", "{7385BB42-2709-4D62-8AB5-7AE9803B443F}"
EndProject
Global
	GlobalSection(SolutionConfigurationPlatforms) = preSolution
		Debug|Any CPU = Debug|Any CPU
		Release|Any CPU = Release|Any CPU
	EndGlobalSection
	GlobalSection(ProjectConfigurationPlatforms) = postSolution
		{B4930E16-54E4-432E-B8AE-F5850EAB10ED}.Debug|Any CPU.ActiveCfg = Debug|Any CPU
		{B4930E16-54E4-432E-B8AE-F5850EAB10ED}.Debug|Any CPU.Build.0 = Debug|Any CPU
		{B4930E16-54E4-432E-B8AE-F5850EAB10ED}.Release|Any CPU.ActiveCfg = Release|Any CPU
		{B4930E16-54E4-432E-B8AE-F5850EAB10ED}.Release|Any CPU.Build.0 = Release|Any CPU
		{2E0A4F43-822E-4E72-8D96-0B5F483B4A41}.Debug|Any CPU.ActiveCfg = Debug|Any CPU
		{2E0A4F43-822E-4E72-8D96-0B5F483B4A41}.Debug|Any CPU.Build.0 = Debug|Any CPU
		{2E0A4F43-822E-4E72-8D96-0B5F483B4A41}.Release|Any CPU.ActiveCfg = Release|Any CPU
		{2E0A4F43-822E-4E72-8D96-0B5F483B4A41}.Release|Any CPU.Build.0 = Release|Any CPU
		{7385BB42-2709-4D62-8AB5-7AE9803B443F}.Debug|Any CPU.ActiveCfg = Debug|Any CPU
		{7385BB42-2709-4D62-8AB5-7AE9803B443F}.Debug|Any CPU.Build.0 = Debug|Any CPU
		{7385BB42-2709-4D62-8AB5-7AE9803B443F}.Release|Any CPU.ActiveCfg = Release|Any CPU
		{7385BB42-2709-4D62-8AB5-7AE9803B443F}.Release|Any CPU.Build.0 = Release|Any CPU
	EndGlobalSection
	GlobalSection(SolutionProperties) = preSolution
		HideSolutionNode = FALSE
	EndGlobalSection
	GlobalSection(ExtensibilityGlobals) = postSolution
		SolutionGuid = {0960CACD-0A20-498E-AAE8-3CDB15BAAF9F}
	EndGlobalSection
EndGlobal
